
Microsoft Visual Studio Solution File, Format Version 12.00
# Visual Studio Version 17
VisualStudioVersion = 17.3.32922.545
MinimumVisualStudioVersion = 10.0.40219.1
Project("{FAE04EC0-301F-11D3-BF4B-00C04F79EFBC}") = "Entities", "Entities\Entities.csproj", "{999D4479-ACAB-449E-BB77-A347CD374297}"
EndProject
Project("{2150E333-8FDC-42A3-9474-1A3956D46DE8}") = "Backend", "Backend", "{B2AA758F-4E55-4C30-B9F0-45536C19EC46}"
EndProject
Project("{2150E333-8FDC-42A3-9474-1A3956D46DE8}") = "Shared", "Shared", "{F0761613-FEB6-4BC2-A766-6D464001B6F4}"
EndProject
Project("{2150E333-8FDC-42A3-9474-1A3956D46DE8}") = "Frontend", "Frontend", "{D41D91F3-6A30-4746-89E7-688A77229390}"
EndProject
Project("{FAE04EC0-301F-11D3-BF4B-00C04F79EFBC}") = "DataAccess", "DataAccess\DataAccess.csproj", "{297FDE29-6605-4F61-A70E-9B49B0524A3D}"
EndProject
Project("{FAE04EC0-301F-11D3-BF4B-00C04F79EFBC}") = "AndroidApp", "AndroidApp\AndroidApp.csproj", "{4469C4F0-4D72-42DC-B68A-FEDD3A929C1E}"
EndProject
Project("{FAE04EC0-301F-11D3-BF4B-00C04F79EFBC}") = "ViewModel", "ViewModel\ViewModel.csproj", "{ECA402C8-A135-467A-8A3D-49D8F77FBEF6}"
EndProject
Project("{FAE04EC0-301F-11D3-BF4B-00C04F79EFBC}") = "Services", "Services\Services.csproj", "{E5499810-49D2-4BFE-9D34-4D0F3AF49ED2}"
EndProject
Project("{FAE04EC0-301F-11D3-BF4B-00C04F79EFBC}") = "WebApi", "WebApi\WebApi.csproj", "{57E6DB78-C7FB-4BAF-B60E-8ACF4C628DCF}"
EndProject
Global
	GlobalSection(SolutionConfigurationPlatforms) = preSolution
		Debug|Any CPU = Debug|Any CPU
		Release|Any CPU = Release|Any CPU
	EndGlobalSection
	GlobalSection(ProjectConfigurationPlatforms) = postSolution
		{999D4479-ACAB-449E-BB77-A347CD374297}.Debug|Any CPU.ActiveCfg = Debug|Any CPU
		{999D4479-ACAB-449E-BB77-A347CD374297}.Debug|Any CPU.Build.0 = Debug|Any CPU
		{999D4479-ACAB-449E-BB77-A347CD374297}.Release|Any CPU.ActiveCfg = Release|Any CPU
		{999D4479-ACAB-449E-BB77-A347CD374297}.Release|Any CPU.Build.0 = Release|Any CPU
		{297FDE29-6605-4F61-A70E-9B49B0524A3D}.Debug|Any CPU.ActiveCfg = Debug|Any CPU
		{297FDE29-6605-4F61-A70E-9B49B0524A3D}.Debug|Any CPU.Build.0 = Debug|Any CPU
		{297FDE29-6605-4F61-A70E-9B49B0524A3D}.Release|Any CPU.ActiveCfg = Release|Any CPU
		{297FDE29-6605-4F61-A70E-9B49B0524A3D}.Release|Any CPU.Build.0 = Release|Any CPU
		{4469C4F0-4D72-42DC-B68A-FEDD3A929C1E}.Debug|Any CPU.ActiveCfg = Debug|Any CPU
		{4469C4F0-4D72-42DC-B68A-FEDD3A929C1E}.Debug|Any CPU.Build.0 = Debug|Any CPU
		{4469C4F0-4D72-42DC-B68A-FEDD3A929C1E}.Debug|Any CPU.Deploy.0 = Debug|Any CPU
		{4469C4F0-4D72-42DC-B68A-FEDD3A929C1E}.Release|Any CPU.ActiveCfg = Release|Any CPU
		{4469C4F0-4D72-42DC-B68A-FEDD3A929C1E}.Release|Any CPU.Build.0 = Release|Any CPU
		{4469C4F0-4D72-42DC-B68A-FEDD3A929C1E}.Release|Any CPU.Deploy.0 = Release|Any CPU
		{ECA402C8-A135-467A-8A3D-49D8F77FBEF6}.Debug|Any CPU.ActiveCfg = Debug|Any CPU
		{ECA402C8-A135-467A-8A3D-49D8F77FBEF6}.Debug|Any CPU.Build.0 = Debug|Any CPU
		{ECA402C8-A135-467A-8A3D-49D8F77FBEF6}.Release|Any CPU.ActiveCfg = Release|Any CPU
		{ECA402C8-A135-467A-8A3D-49D8F77FBEF6}.Release|Any CPU.Build.0 = Release|Any CPU
		{E5499810-49D2-4BFE-9D34-4D0F3AF49ED2}.Debug|Any CPU.ActiveCfg = Debug|Any CPU
		{E5499810-49D2-4BFE-9D34-4D0F3AF49ED2}.Debug|Any CPU.Build.0 = Debug|Any CPU
		{E5499810-49D2-4BFE-9D34-4D0F3AF49ED2}.Release|Any CPU.ActiveCfg = Release|Any CPU
		{E5499810-49D2-4BFE-9D34-4D0F3AF49ED2}.Release|Any CPU.Build.0 = Release|Any CPU
		{57E6DB78-C7FB-4BAF-B60E-8ACF4C628DCF}.Debug|Any CPU.ActiveCfg = Debug|Any CPU
		{57E6DB78-C7FB-4BAF-B60E-8ACF4C628DCF}.Debug|Any CPU.Build.0 = Debug|Any CPU
		{57E6DB78-C7FB-4BAF-B60E-8ACF4C628DCF}.Release|Any CPU.ActiveCfg = Release|Any CPU
		{57E6DB78-C7FB-4BAF-B60E-8ACF4C628DCF}.Release|Any CPU.Build.0 = Release|Any CPU
	EndGlobalSection
	GlobalSection(SolutionProperties) = preSolution
		HideSolutionNode = FALSE
	EndGlobalSection
	GlobalSection(NestedProjects) = preSolution
		{999D4479-ACAB-449E-BB77-A347CD374297} = {F0761613-FEB6-4BC2-A766-6D464001B6F4}
		{297FDE29-6605-4F61-A70E-9B49B0524A3D} = {B2AA758F-4E55-4C30-B9F0-45536C19EC46}
		{4469C4F0-4D72-42DC-B68A-FEDD3A929C1E} = {D41D91F3-6A30-4746-89E7-688A77229390}
		{ECA402C8-A135-467A-8A3D-49D8F77FBEF6} = {D41D91F3-6A30-4746-89E7-688A77229390}
		{E5499810-49D2-4BFE-9D34-4D0F3AF49ED2} = {D41D91F3-6A30-4746-89E7-688A77229390}
	EndGlobalSection
	GlobalSection(ExtensibilityGlobals) = postSolution
		SolutionGuid = {534DB1F2-1D8F-4EF5-A0E2-0C7D7CE13E20}
	EndGlobalSection
EndGlobal
